// !$*UTF8*$!
{
	archiveVersion = 1;
	classes = {
	};
	objectVersion = 48;
	objects = {

/* Begin PBXBuildFile section */
		83F734EB1F7AAEB400E794B0 /* AppDelegate.swift in Sources */ = {isa = PBXBuildFile; fileRef = 83F734EA1F7AAEB400E794B0 /* AppDelegate.swift */; };
		83F734ED1F7AAEB400E794B0 /* ViewController.swift in Sources */ = {isa = PBXBuildFile; fileRef = 83F734EC1F7AAEB400E794B0 /* ViewController.swift */; };
		83F734F01F7AAEB400E794B0 /* Main.storyboard in Resources */ = {isa = PBXBuildFile; fileRef = 83F734EE1F7AAEB400E794B0 /* Main.storyboard */; };
		83F734F21F7AAEB400E794B0 /* Assets.xcassets in Resources */ = {isa = PBXBuildFile; fileRef = 83F734F11F7AAEB400E794B0 /* Assets.xcassets */; };
		83F734F51F7AAEB400E794B0 /* LaunchScreen.storyboard in Resources */ = {isa = PBXBuildFile; fileRef = 83F734F31F7AAEB400E794B0 /* LaunchScreen.storyboard */; };
/* End PBXBuildFile section */

/* Begin PBXFileReference section */
		83F734E71F7AAEB400E794B0 /* ChimSonCaTrongRung.app */ = {isa = PBXFileReference; explicitFileType = wrapper.application; includeInIndex = 0; path = ChimSonCaTrongRung.app; sourceTree = BUILT_PRODUCTS_DIR; };
		83F734EA1F7AAEB400E794B0 /* AppDelegate.swift */ = {isa = PBXFileReference; lastKnownFileType = sourcecode.swift; path = AppDelegate.swift; sourceTree = "<group>"; };
		83F734EC1F7AAEB400E794B0 /* ViewController.swift */ = {isa = PBXFileReference; lastKnownFileType = sourcecode.swift; path = ViewController.swift; sourceTree = "<group>"; };
		83F734EF1F7AAEB400E794B0 /* Base */ = {isa = PBXFileReference; lastKnownFileType = file.storyboard; name = Base; path = Base.lproj/Main.storyboard; sourceTree = "<group>"; };
		83F734F11F7AAEB400E794B0 /* Assets.xcassets */ = {isa = PBXFileReference; lastKnownFileType = folder.assetcatalog; path = Assets.xcassets; sourceTree = "<group>"; };
		83F734F41F7AAEB400E794B0 /* Base */ = {isa = PBXFileReference; lastKnownFileType = file.storyboard; name = Base; path = Base.lproj/LaunchScreen.storyboard; sourceTree = "<group>"; };
		83F734F61F7AAEB400E794B0 /* Info.plist */ = {isa = PBXFileReference; lastKnownFileType = text.plist.xml; path = Info.plist; sourceTree = "<group>"; };
/* End PBXFileReference section */

/* Begin PBXFrameworksBuildPhase section */
		83F734E41F7AAEB400E794B0 /* Frameworks */ = {
			isa = PBXFrameworksBuildPhase;
			buildActionMask = 2147483647;
			files = (
			);
			runOnlyForDeploymentPostprocessing = 0;
		};
/* End PBXFrameworksBuildPhase section */

/* Begin PBXGroup section */
		83F734DE1F7AAEB400E794B0 = {
			isa = PBXGroup;
			children = (
				83F734E91F7AAEB400E794B0 /* ChimSonCaTrongRung */,
				83F734E81F7AAEB400E794B0 /* Products */,
			);
			sourceTree = "<group>";
		};
		83F734E81F7AAEB400E794B0 /* Products */ = {
			isa = PBXGroup;
			children = (
				83F734E71F7AAEB400E794B0 /* ChimSonCaTrongRung.app */,
			);
			name = Products;
			sourceTree = "<group>";
		};
		83F734E91F7AAEB400E794B0 /* ChimSonCaTrongRung */ = {
			isa = PBXGroup;
			children = (
				83F734EA1F7AAEB400E794B0 /* AppDelegate.swift */,
				83F734EC1F7AAEB400E794B0 /* ViewController.swift */,
				83F734EE1F7AAEB400E794B0 /* Main.storyboard */,
				83F734F11F7AAEB400E794B0 /* Assets.xcassets */,
				83F734F31F7AAEB400E794B0 /* LaunchScreen.storyboard */,
				83F734F61F7AAEB400E794B0 /* Info.plist */,
			);
			path = ChimSonCaTrongRung;
			sourceTree = "<group>";
		};
/* End PBXGroup section */

/* Begin PBXNativeTarget section */
		83F734E61F7AAEB400E794B0 /* ChimSonCaTrongRung */ = {
			isa = PBXNativeTarget;
			buildConfigurationList = 83F734F91F7AAEB400E794B0 /* Build configuration list for PBXNativeTarget "ChimSonCaTrongRung" */;
			buildPhases = (
				83F734E31F7AAEB400E794B0 /* Sources */,
				83F734E41F7AAEB400E794B0 /* Frameworks */,
				83F734E51F7AAEB400E794B0 /* Resources */,
			);
			buildRules = (
			);
			dependencies = (
			);
			name = ChimSonCaTrongRung;
			productName = ChimSonCaTrongRung;
			productReference = 83F734E71F7AAEB400E794B0 /* ChimSonCaTrongRung.app */;
			productType = "com.apple.product-type.application";
		};
/* End PBXNativeTarget section */

/* Begin PBXProject section */
		83F734DF1F7AAEB400E794B0 /* Project object */ = {
			isa = PBXProject;
			attributes = {
				LastSwiftUpdateCheck = 0900;
				LastUpgradeCheck = 0900;
				ORGANIZATIONNAME = "Van Ho Si";
				TargetAttributes = {
					83F734E61F7AAEB400E794B0 = {
						CreatedOnToolsVersion = 9.0;
						ProvisioningStyle = Automatic;
					};
				};
			};
			buildConfigurationList = 83F734E21F7AAEB400E794B0 /* Build configuration list for PBXProject "ChimSonCaTrongRung" */;
			compatibilityVersion = "Xcode 8.0";
			developmentRegion = en;
			hasScannedForEncodings = 0;
			knownRegions = (
				en,
				Base,
			);
			mainGroup = 83F734DE1F7AAEB400E794B0;
			productRefGroup = 83F734E81F7AAEB400E794B0 /* Products */;
			projectDirPath = "";
			projectRoot = "";
			targets = (
				83F734E61F7AAEB400E794B0 /* ChimSonCaTrongRung */,
			);
		};
/* End PBXProject section */

/* Begin PBXResourcesBuildPhase section */
		83F734E51F7AAEB400E794B0 /* Resources */ = {
			isa = PBXResourcesBuildPhase;
			buildActionMask = 2147483647;
			files = (
				83F734F51F7AAEB400E794B0 /* LaunchScreen.storyboard in Resources */,
				83F734F21F7AAEB400E794B0 /* Assets.xcassets in Resources */,
				83F734F01F7AAEB400E794B0 /* Main.storyboard in Resources */,
			);
			runOnlyForDeploymentPostprocessing = 0;
		};
/* End PBXResourcesBuildPhase section */

/* Begin PBXSourcesBuildPhase section */
		83F734E31F7AAEB400E794B0 /* Sources */ = {
			isa = PBXSourcesBuildPhase;
			buildActionMask = 2147483647;
			files = (
				83F734ED1F7AAEB400E794B0 /* ViewController.swift in Sources */,
				83F734EB1F7AAEB400E794B0 /* AppDelegate.swift in Sources */,
			);
			runOnlyForDeploymentPostprocessing = 0;
		};
/* End PBXSourcesBuildPhase section */

/* Begin PBXVariantGroup section */
		83F734EE1F7AAEB400E794B0 /* Main.storyboard */ = {
			isa = PBXVariantGroup;
			children = (
				83F734EF1F7AAEB400E794B0 /* Base */,
			);
			name = Main.storyboard;
			sourceTree = "<group>";
		};
		83F734F31F7AAEB400E794B0 /* LaunchScreen.storyboard */ = {
			isa = PBXVariantGroup;
			children = (
				83F734F41F7AAEB400E794B0 /* Base */,
			);
			name = LaunchScreen.storyboard;
			sourceTree = "<group>";
		};
/* End PBXVariantGroup section */

/* Begin XCBuildConfiguration section */
		83F734F71F7AAEB400E794B0 /* Debug */ = {
			isa = XCBuildConfiguration;
			buildSettings = {
				ALWAYS_SEARCH_USER_PATHS = NO;
				CLANG_ANALYZER_NONNULL = YES;
				CLANG_ANALYZER_NUMBER_OBJECT_CONVERSION = YES_AGGRESSIVE;
				CLANG_CXX_LANGUAGE_STANDARD = "gnu++14";
				CLANG_CXX_LIBRARY = "libc++";
				CLANG_ENABLE_MODULES = YES;
				CLANG_ENABLE_OBJC_ARC = YES;
				CLANG_WARN_BLOCK_CAPTURE_AUTORELEASING = YES;
				CLANG_WARN_BOOL_CONVERSION = YES;
				CLANG_WARN_COMMA = YES;
				CLANG_WARN_CONSTANT_CONVERSION = YES;
				CLANG_WARN_DIRECT_OBJC_ISA_USAGE = YES_ERROR;
				CLANG_WARN_DOCUMENTATION_COMMENTS = YES;
				CLANG_WARN_EMPTY_BODY = YES;
				CLANG_WARN_ENUM_CONVERSION = YES;
				CLANG_WARN_INFINITE_RECURSION = YES;
				CLANG_WARN_INT_CONVERSION = YES;
				CLANG_WARN_NON_LITERAL_NULL_CONVERSION = YES;
				CLANG_WARN_OBJC_LITERAL_CONVERSION = YES;
				CLANG_WARN_OBJC_ROOT_CLASS = YES_ERROR;
				CLANG_WARN_RANGE_LOOP_ANALYSIS = YES;
				CLANG_WARN_STRICT_PROTOTYPES = YES;
				CLANG_WARN_SUSPICIOUS_MOVE = YES;
				CLANG_WARN_UNGUARDED_AVAILABILITY = YES_AGGRESSIVE;
				CLANG_WARN_UNREACHABLE_CODE = YES;
				CLANG_WARN__DUPLICATE_METHOD_MATCH = YES;
				CODE_SIGN_IDENTITY = "iPhone Developer";
				COPY_PHASE_STRIP = NO;
				DEBUG_INFORMATION_FORMAT = dwarf;
				ENABLE_STRICT_OBJC_MSGSEND = YES;
				ENABLE_TESTABILITY = YES;
				GCC_C_LANGUAGE_STANDARD = gnu11;
				GCC_DYNAMIC_NO_PIC = NO;
				GCC_NO_COMMON_BLOCKS = YES;
				GCC_OPTIMIZATION_LEVEL = 0;
				GCC_PREPROCESSOR_DEFINITIONS = (
					"DEBUG=1",
					"$(inherited)",
				);
				GCC_WARN_64_TO_32_BIT_CONVERSION = YES;
				GCC_WARN_ABOUT_RETURN_TYPE = YES_ERROR;
				GCC_WARN_UNDECLARED_SELECTOR = YES;
				GCC_WARN_UNINITIALIZED_AUTOS = YES_AGGRESSIVE;
				GCC_WARN_UNUSED_FUNCTION = YES;
				GCC_WARN_UNUSED_VARIABLE = YES;
				IPHONEOS_DEPLOYMENT_TARGET = 11.0;
				MTL_ENABLE_DEBUG_INFO = YES;
				ONLY_ACTIVE_ARCH = YES;
				SDKROOT = iphoneos;
				SWIFT_ACTIVE_COMPILATION_CONDITIONS = DEBUG;
				SWIFT_OPTIMIZATION_LEVEL = "-Onone";
			};
			name = Debug;
		};
		83F734F81F7AAEB400E794B0 /* Release */ = {
			isa = XCBuildConfiguration;
			buildSettings = {
				ALWAYS_SEARCH_USER_PATHS = NO;
				CLANG_ANALYZER_NONNULL = YES;
				CLANG_ANALYZER_NUMBER_OBJECT_CONVERSION = YES_AGGRESSIVE;
				CLANG_CXX_LANGUAGE_STANDARD = "gnu++14";
				CLANG_CXX_LIBRARY = "libc++";
				CLANG_ENABLE_MODULES = YES;
				CLANG_ENABLE_OBJC_ARC = YES;
				CLANG_WARN_BLOCK_CAPTURE_AUTORELEASING = YES;
				CLANG_WARN_BOOL_CONVERSION = YES;
				CLANG_WARN_COMMA = YES;
				CLANG_WARN_CONSTANT_CONVERSION = YES;
				CLANG_WARN_DIRECT_OBJC_ISA_USAGE = YES_ERROR;
				CLANG_WARN_DOCUMENTATION_COMMENTS = YES;
				CLANG_WARN_EMPTY_BODY = YES;
				CLANG_WARN_ENUM_CONVERSION = YES;
				CLANG_WARN_INFINITE_RECURSION = YES;
				CLANG_WARN_INT_CONVERSION = YES;
				CLANG_WARN_NON_LITERAL_NULL_CONVERSION = YES;
				CLANG_WARN_OBJC_LITERAL_CONVERSION = YES;
				CLANG_WARN_OBJC_ROOT_CLASS = YES_ERROR;
				CLANG_WARN_RANGE_LOOP_ANALYSIS = YES;
				CLANG_WARN_STRICT_PROTOTYPES = YES;
				CLANG_WARN_SUSPICIOUS_MOVE = YES;
				CLANG_WARN_UNGUARDED_AVAILABILITY = YES_AGGRESSIVE;
				CLANG_WARN_UNREACHABLE_CODE = YES;
				CLANG_WARN__DUPLICATE_METHOD_MATCH = YES;
				CODE_SIGN_IDENTITY = "iPhone Developer";
				COPY_PHASE_STRIP = NO;
				DEBUG_INFORMATION_FORMAT = "dwarf-with-dsym";
				ENABLE_NS_ASSERTIONS = NO;
				ENABLE_STRICT_OBJC_MSGSEND = YES;
				GCC_C_LANGUAGE_STANDARD = gnu11;
				GCC_NO_COMMON_BLOCKS = YES;
				GCC_WARN_64_TO_32_BIT_CONVERSION = YES;
				GCC_WARN_ABOUT_RETURN_TYPE = YES_ERROR;
				GCC_WARN_UNDECLARED_SELECTOR = YES;
				GCC_WARN_UNINITIALIZED_AUTOS = YES_AGGRESSIVE;
				GCC_WARN_UNUSED_FUNCTION = YES;
				GCC_WARN_UNUSED_VARIABLE = YES;
				IPHONEOS_DEPLOYMENT_TARGET = 11.0;
				MTL_ENABLE_DEBUG_INFO = NO;
				SDKROOT = iphoneos;
				SWIFT_OPTIMIZATION_LEVEL = "-Owholemodule";
				VALIDATE_PRODUCT = YES;
			};
			name = Release;
		};
		83F734FA1F7AAEB400E794B0 /* Debug */ = {
			isa = XCBuildConfiguration;
			buildSettings = {
				ASSETCATALOG_COMPILER_APPICON_NAME = AppIcon;
				CODE_SIGN_STYLE = Automatic;
				INFOPLIST_FILE = ChimSonCaTrongRung/Info.plist;
				LD_RUNPATH_SEARCH_PATHS = "$(inherited) @executable_path/Frameworks";
				PRODUCT_BUNDLE_IDENTIFIER = vn.hosivan.ChimSonCaTrongRung;
				PRODUCT_NAME = "$(TARGET_NAME)";
				SWIFT_VERSION = 4.0;
				TARGETED_DEVICE_FAMILY = "1,2";
			};
			name = Debug;
		};
		83F734FB1F7AAEB400E794B0 /* Release */ = {
			isa = XCBuildConfiguration;
			buildSettings = {
				ASSETCATALOG_COMPILER_APPICON_NAME = AppIcon;
				CODE_SIGN_STYLE = Automatic;
				INFOPLIST_FILE = ChimSonCaTrongRung/Info.plist;
				LD_RUNPATH_SEARCH_PATHS = "$(inherited) @executable_path/Frameworks";
				PRODUCT_BUNDLE_IDENTIFIER = vn.hosivan.ChimSonCaTrongRung;
				PRODUCT_NAME = "$(TARGET_NAME)";
				SWIFT_VERSION = 4.0;
				TARGETED_DEVICE_FAMILY = "1,2";
			};
			name = Release;
		};
/* End XCBuildConfiguration section */

/* Begin XCConfigurationList section */
		83F734E21F7AAEB400E794B0 /* Build configuration list for PBXProject "ChimSonCaTrongRung" */ = {
			isa = XCConfigurationList;
			buildConfigurations = (
				83F734F71F7AAEB400E794B0 /* Debug */,
				83F734F81F7AAEB400E794B0 /* Release */,
			);
			defaultConfigurationIsVisible = 0;
			defaultConfigurationName = Release;
		};
		83F734F91F7AAEB400E794B0 /* Build configuration list for PBXNativeTarget "ChimSonCaTrongRung" */ = {
			isa = XCConfigurationList;
			buildConfigurations = (
				83F734FA1F7AAEB400E794B0 /* Debug */,
				83F734FB1F7AAEB400E794B0 /* Release */,
			);
			defaultConfigurationIsVisible = 0;
			defaultConfigurationName = Release;
		};
/* End XCConfigurationList section */
	};
	rootObject = 83F734DF1F7AAEB400E794B0 /* Project object */;
}
